// !$*UTF8*$!
{
	archiveVersion = 1;
	classes = {
	};
	objectVersion = 50;
	objects = {

/* Begin PBXBuildFile section */
		2E20A2CA26EF78D800AF934E /* AppDelegate.swift in Sources */ = {isa = PBXBuildFile; fileRef = 2E20A2C926EF78D800AF934E /* AppDelegate.swift */; };
		2E20A2CC26EF78D800AF934E /* SceneDelegate.swift in Sources */ = {isa = PBXBuildFile; fileRef = 2E20A2CB26EF78D800AF934E /* SceneDelegate.swift */; };
		2E20A2CE26EF78D800AF934E /* ViewController.swift in Sources */ = {isa = PBXBuildFile; fileRef = 2E20A2CD26EF78D800AF934E /* ViewController.swift */; };
		2E20A2D126EF78D800AF934E /* Main.storyboard in Resources */ = {isa = PBXBuildFile; fileRef = 2E20A2CF26EF78D800AF934E /* Main.storyboard */; };
		2E20A2D326EF78DA00AF934E /* Assets.xcassets in Resources */ = {isa = PBXBuildFile; fileRef = 2E20A2D226EF78DA00AF934E /* Assets.xcassets */; };
		2E20A2D626EF78DA00AF934E /* LaunchScreen.storyboard in Resources */ = {isa = PBXBuildFile; fileRef = 2E20A2D426EF78DA00AF934E /* LaunchScreen.storyboard */; };
		2E20A2E126EF78DB00AF934E /* VideoGamesAppTests.swift in Sources */ = {isa = PBXBuildFile; fileRef = 2E20A2E026EF78DB00AF934E /* VideoGamesAppTests.swift */; };
		2E20A2EC26EF78DB00AF934E /* VideoGamesAppUITests.swift in Sources */ = {isa = PBXBuildFile; fileRef = 2E20A2EB26EF78DB00AF934E /* VideoGamesAppUITests.swift */; };
/* End PBXBuildFile section */

/* Begin PBXContainerItemProxy section */
		2E20A2DD26EF78DB00AF934E /* PBXContainerItemProxy */ = {
			isa = PBXContainerItemProxy;
			containerPortal = 2E20A2BE26EF78D700AF934E /* Project object */;
			proxyType = 1;
			remoteGlobalIDString = 2E20A2C526EF78D800AF934E;
			remoteInfo = VideoGamesApp;
		};
		2E20A2E826EF78DB00AF934E /* PBXContainerItemProxy */ = {
			isa = PBXContainerItemProxy;
			containerPortal = 2E20A2BE26EF78D700AF934E /* Project object */;
			proxyType = 1;
			remoteGlobalIDString = 2E20A2C526EF78D800AF934E;
			remoteInfo = VideoGamesApp;
		};
/* End PBXContainerItemProxy section */

/* Begin PBXFileReference section */
		2E20A2C626EF78D800AF934E /* VideoGamesApp.app */ = {isa = PBXFileReference; explicitFileType = wrapper.application; includeInIndex = 0; path = VideoGamesApp.app; sourceTree = BUILT_PRODUCTS_DIR; };
		2E20A2C926EF78D800AF934E /* AppDelegate.swift */ = {isa = PBXFileReference; lastKnownFileType = sourcecode.swift; path = AppDelegate.swift; sourceTree = "<group>"; };
		2E20A2CB26EF78D800AF934E /* SceneDelegate.swift */ = {isa = PBXFileReference; lastKnownFileType = sourcecode.swift; path = SceneDelegate.swift; sourceTree = "<group>"; };
		2E20A2CD26EF78D800AF934E /* ViewController.swift */ = {isa = PBXFileReference; lastKnownFileType = sourcecode.swift; path = ViewController.swift; sourceTree = "<group>"; };
		2E20A2D026EF78D800AF934E /* Base */ = {isa = PBXFileReference; lastKnownFileType = file.storyboard; name = Base; path = Base.lproj/Main.storyboard; sourceTree = "<group>"; };
		2E20A2D226EF78DA00AF934E /* Assets.xcassets */ = {isa = PBXFileReference; lastKnownFileType = folder.assetcatalog; path = Assets.xcassets; sourceTree = "<group>"; };
		2E20A2D526EF78DA00AF934E /* Base */ = {isa = PBXFileReference; lastKnownFileType = file.storyboard; name = Base; path = Base.lproj/LaunchScreen.storyboard; sourceTree = "<group>"; };
		2E20A2D726EF78DA00AF934E /* Info.plist */ = {isa = PBXFileReference; lastKnownFileType = text.plist.xml; path = Info.plist; sourceTree = "<group>"; };
		2E20A2DC26EF78DB00AF934E /* VideoGamesAppTests.xctest */ = {isa = PBXFileReference; explicitFileType = wrapper.cfbundle; includeInIndex = 0; path = VideoGamesAppTests.xctest; sourceTree = BUILT_PRODUCTS_DIR; };
		2E20A2E026EF78DB00AF934E /* VideoGamesAppTests.swift */ = {isa = PBXFileReference; lastKnownFileType = sourcecode.swift; path = VideoGamesAppTests.swift; sourceTree = "<group>"; };
		2E20A2E226EF78DB00AF934E /* Info.plist */ = {isa = PBXFileReference; lastKnownFileType = text.plist.xml; path = Info.plist; sourceTree = "<group>"; };
		2E20A2E726EF78DB00AF934E /* VideoGamesAppUITests.xctest */ = {isa = PBXFileReference; explicitFileType = wrapper.cfbundle; includeInIndex = 0; path = VideoGamesAppUITests.xctest; sourceTree = BUILT_PRODUCTS_DIR; };
		2E20A2EB26EF78DB00AF934E /* VideoGamesAppUITests.swift */ = {isa = PBXFileReference; lastKnownFileType = sourcecode.swift; path = VideoGamesAppUITests.swift; sourceTree = "<group>"; };
		2E20A2ED26EF78DB00AF934E /* Info.plist */ = {isa = PBXFileReference; lastKnownFileType = text.plist.xml; path = Info.plist; sourceTree = "<group>"; };
/* End PBXFileReference section */

/* Begin PBXFrameworksBuildPhase section */
		2E20A2C326EF78D800AF934E /* Frameworks */ = {
			isa = PBXFrameworksBuildPhase;
			buildActionMask = 2147483647;
			files = (
			);
			runOnlyForDeploymentPostprocessing = 0;
		};
		2E20A2D926EF78DB00AF934E /* Frameworks */ = {
			isa = PBXFrameworksBuildPhase;
			buildActionMask = 2147483647;
			files = (
			);
			runOnlyForDeploymentPostprocessing = 0;
		};
		2E20A2E426EF78DB00AF934E /* Frameworks */ = {
			isa = PBXFrameworksBuildPhase;
			buildActionMask = 2147483647;
			files = (
			);
			runOnlyForDeploymentPostprocessing = 0;
		};
/* End PBXFrameworksBuildPhase section */

/* Begin PBXGroup section */
		2E20A2BD26EF78D700AF934E = {
			isa = PBXGroup;
			children = (
				2E20A2C826EF78D800AF934E /* VideoGamesApp */,
				2E20A2DF26EF78DB00AF934E /* VideoGamesAppTests */,
				2E20A2EA26EF78DB00AF934E /* VideoGamesAppUITests */,
				2E20A2C726EF78D800AF934E /* Products */,
			);
			sourceTree = "<group>";
		};
		2E20A2C726EF78D800AF934E /* Products */ = {
			isa = PBXGroup;
			children = (
				2E20A2C626EF78D800AF934E /* VideoGamesApp.app */,
				2E20A2DC26EF78DB00AF934E /* VideoGamesAppTests.xctest */,
				2E20A2E726EF78DB00AF934E /* VideoGamesAppUITests.xctest */,
			);
			name = Products;
			sourceTree = "<group>";
		};
		2E20A2C826EF78D800AF934E /* VideoGamesApp */ = {
			isa = PBXGroup;
			children = (
				2E20A2C926EF78D800AF934E /* AppDelegate.swift */,
				2E20A2CB26EF78D800AF934E /* SceneDelegate.swift */,
				2E20A2CD26EF78D800AF934E /* ViewController.swift */,
				2E20A2CF26EF78D800AF934E /* Main.storyboard */,
				2E20A2D226EF78DA00AF934E /* Assets.xcassets */,
				2E20A2D426EF78DA00AF934E /* LaunchScreen.storyboard */,
				2E20A2D726EF78DA00AF934E /* Info.plist */,
			);
			path = VideoGamesApp;
			sourceTree = "<group>";
		};
		2E20A2DF26EF78DB00AF934E /* VideoGamesAppTests */ = {
			isa = PBXGroup;
			children = (
				2E20A2E026EF78DB00AF934E /* VideoGamesAppTests.swift */,
				2E20A2E226EF78DB00AF934E /* Info.plist */,
			);
			path = VideoGamesAppTests;
			sourceTree = "<group>";
		};
		2E20A2EA26EF78DB00AF934E /* VideoGamesAppUITests */ = {
			isa = PBXGroup;
			children = (
				2E20A2EB26EF78DB00AF934E /* VideoGamesAppUITests.swift */,
				2E20A2ED26EF78DB00AF934E /* Info.plist */,
			);
			path = VideoGamesAppUITests;
			sourceTree = "<group>";
		};
/* End PBXGroup section */

/* Begin PBXNativeTarget section */
		2E20A2C526EF78D800AF934E /* VideoGamesApp */ = {
			isa = PBXNativeTarget;
			buildConfigurationList = 2E20A2F026EF78DB00AF934E /* Build configuration list for PBXNativeTarget "VideoGamesApp" */;
			buildPhases = (
				2E20A2C226EF78D800AF934E /* Sources */,
				2E20A2C326EF78D800AF934E /* Frameworks */,
				2E20A2C426EF78D800AF934E /* Resources */,
			);
			buildRules = (
			);
			dependencies = (
			);
			name = VideoGamesApp;
			productName = VideoGamesApp;
			productReference = 2E20A2C626EF78D800AF934E /* VideoGamesApp.app */;
			productType = "com.apple.product-type.application";
		};
		2E20A2DB26EF78DB00AF934E /* VideoGamesAppTests */ = {
			isa = PBXNativeTarget;
			buildConfigurationList = 2E20A2F326EF78DB00AF934E /* Build configuration list for PBXNativeTarget "VideoGamesAppTests" */;
			buildPhases = (
				2E20A2D826EF78DB00AF934E /* Sources */,
				2E20A2D926EF78DB00AF934E /* Frameworks */,
				2E20A2DA26EF78DB00AF934E /* Resources */,
			);
			buildRules = (
			);
			dependencies = (
				2E20A2DE26EF78DB00AF934E /* PBXTargetDependency */,
			);
			name = VideoGamesAppTests;
			productName = VideoGamesAppTests;
			productReference = 2E20A2DC26EF78DB00AF934E /* VideoGamesAppTests.xctest */;
			productType = "com.apple.product-type.bundle.unit-test";
		};
		2E20A2E626EF78DB00AF934E /* VideoGamesAppUITests */ = {
			isa = PBXNativeTarget;
			buildConfigurationList = 2E20A2F626EF78DB00AF934E /* Build configuration list for PBXNativeTarget "VideoGamesAppUITests" */;
			buildPhases = (
				2E20A2E326EF78DB00AF934E /* Sources */,
				2E20A2E426EF78DB00AF934E /* Frameworks */,
				2E20A2E526EF78DB00AF934E /* Resources */,
			);
			buildRules = (
			);
			dependencies = (
				2E20A2E926EF78DB00AF934E /* PBXTargetDependency */,
			);
			name = VideoGamesAppUITests;
			productName = VideoGamesAppUITests;
			productReference = 2E20A2E726EF78DB00AF934E /* VideoGamesAppUITests.xctest */;
			productType = "com.apple.product-type.bundle.ui-testing";
		};
/* End PBXNativeTarget section */

/* Begin PBXProject section */
		2E20A2BE26EF78D700AF934E /* Project object */ = {
			isa = PBXProject;
			attributes = {
				LastSwiftUpdateCheck = 1250;
				LastUpgradeCheck = 1250;
				TargetAttributes = {
					2E20A2C526EF78D800AF934E = {
						CreatedOnToolsVersion = 12.5.1;
					};
					2E20A2DB26EF78DB00AF934E = {
						CreatedOnToolsVersion = 12.5.1;
						TestTargetID = 2E20A2C526EF78D800AF934E;
					};
					2E20A2E626EF78DB00AF934E = {
						CreatedOnToolsVersion = 12.5.1;
						TestTargetID = 2E20A2C526EF78D800AF934E;
					};
				};
			};
			buildConfigurationList = 2E20A2C126EF78D700AF934E /* Build configuration list for PBXProject "VideoGamesApp" */;
			compatibilityVersion = "Xcode 9.3";
			developmentRegion = en;
			hasScannedForEncodings = 0;
			knownRegions = (
				en,
				Base,
			);
			mainGroup = 2E20A2BD26EF78D700AF934E;
			productRefGroup = 2E20A2C726EF78D800AF934E /* Products */;
			projectDirPath = "";
			projectRoot = "";
			targets = (
				2E20A2C526EF78D800AF934E /* VideoGamesApp */,
				2E20A2DB26EF78DB00AF934E /* VideoGamesAppTests */,
				2E20A2E626EF78DB00AF934E /* VideoGamesAppUITests */,
			);
		};
/* End PBXProject section */

/* Begin PBXResourcesBuildPhase section */
		2E20A2C426EF78D800AF934E /* Resources */ = {
			isa = PBXResourcesBuildPhase;
			buildActionMask = 2147483647;
			files = (
				2E20A2D626EF78DA00AF934E /* LaunchScreen.storyboard in Resources */,
				2E20A2D326EF78DA00AF934E /* Assets.xcassets in Resources */,
				2E20A2D126EF78D800AF934E /* Main.storyboard in Resources */,
			);
			runOnlyForDeploymentPostprocessing = 0;
		};
		2E20A2DA26EF78DB00AF934E /* Resources */ = {
			isa = PBXResourcesBuildPhase;
			buildActionMask = 2147483647;
			files = (
			);
			runOnlyForDeploymentPostprocessing = 0;
		};
		2E20A2E526EF78DB00AF934E /* Resources */ = {
			isa = PBXResourcesBuildPhase;
			buildActionMask = 2147483647;
			files = (
			);
			runOnlyForDeploymentPostprocessing = 0;
		};
/* End PBXResourcesBuildPhase section */

/* Begin PBXSourcesBuildPhase section */
		2E20A2C226EF78D800AF934E /* Sources */ = {
			isa = PBXSourcesBuildPhase;
			buildActionMask = 2147483647;
			files = (
				2E20A2CE26EF78D800AF934E /* ViewController.swift in Sources */,
				2E20A2CA26EF78D800AF934E /* AppDelegate.swift in Sources */,
				2E20A2CC26EF78D800AF934E /* SceneDelegate.swift in Sources */,
			);
			runOnlyForDeploymentPostprocessing = 0;
		};
		2E20A2D826EF78DB00AF934E /* Sources */ = {
			isa = PBXSourcesBuildPhase;
			buildActionMask = 2147483647;
			files = (
				2E20A2E126EF78DB00AF934E /* VideoGamesAppTests.swift in Sources */,
			);
			runOnlyForDeploymentPostprocessing = 0;
		};
		2E20A2E326EF78DB00AF934E /* Sources */ = {
			isa = PBXSourcesBuildPhase;
			buildActionMask = 2147483647;
			files = (
				2E20A2EC26EF78DB00AF934E /* VideoGamesAppUITests.swift in Sources */,
			);
			runOnlyForDeploymentPostprocessing = 0;
		};
/* End PBXSourcesBuildPhase section */

/* Begin PBXTargetDependency section */
		2E20A2DE26EF78DB00AF934E /* PBXTargetDependency */ = {
			isa = PBXTargetDependency;
			target = 2E20A2C526EF78D800AF934E /* VideoGamesApp */;
			targetProxy = 2E20A2DD26EF78DB00AF934E /* PBXContainerItemProxy */;
		};
		2E20A2E926EF78DB00AF934E /* PBXTargetDependency */ = {
			isa = PBXTargetDependency;
			target = 2E20A2C526EF78D800AF934E /* VideoGamesApp */;
			targetProxy = 2E20A2E826EF78DB00AF934E /* PBXContainerItemProxy */;
		};
/* End PBXTargetDependency section */

/* Begin PBXVariantGroup section */
		2E20A2CF26EF78D800AF934E /* Main.storyboard */ = {
			isa = PBXVariantGroup;
			children = (
				2E20A2D026EF78D800AF934E /* Base */,
			);
			name = Main.storyboard;
			sourceTree = "<group>";
		};
		2E20A2D426EF78DA00AF934E /* LaunchScreen.storyboard */ = {
			isa = PBXVariantGroup;
			children = (
				2E20A2D526EF78DA00AF934E /* Base */,
			);
			name = LaunchScreen.storyboard;
			sourceTree = "<group>";
		};
/* End PBXVariantGroup section */

/* Begin XCBuildConfiguration section */
		2E20A2EE26EF78DB00AF934E /* Debug */ = {
			isa = XCBuildConfiguration;
			buildSettings = {
				ALWAYS_SEARCH_USER_PATHS = NO;
				CLANG_ANALYZER_NONNULL = YES;
				CLANG_ANALYZER_NUMBER_OBJECT_CONVERSION = YES_AGGRESSIVE;
				CLANG_CXX_LANGUAGE_STANDARD = "gnu++14";
				CLANG_CXX_LIBRARY = "libc++";
				CLANG_ENABLE_MODULES = YES;
				CLANG_ENABLE_OBJC_ARC = YES;
				CLANG_ENABLE_OBJC_WEAK = YES;
				CLANG_WARN_BLOCK_CAPTURE_AUTORELEASING = YES;
				CLANG_WARN_BOOL_CONVERSION = YES;
				CLANG_WARN_COMMA = YES;
				CLANG_WARN_CONSTANT_CONVERSION = YES;
				CLANG_WARN_DEPRECATED_OBJC_IMPLEMENTATIONS = YES;
				CLANG_WARN_DIRECT_OBJC_ISA_USAGE = YES_ERROR;
				CLANG_WARN_DOCUMENTATION_COMMENTS = YES;
				CLANG_WARN_EMPTY_BODY = YES;
				CLANG_WARN_ENUM_CONVERSION = YES;
				CLANG_WARN_INFINITE_RECURSION = YES;
				CLANG_WARN_INT_CONVERSION = YES;
				CLANG_WARN_NON_LITERAL_NULL_CONVERSION = YES;
				CLANG_WARN_OBJC_IMPLICIT_RETAIN_SELF = YES;
				CLANG_WARN_OBJC_LITERAL_CONVERSION = YES;
				CLANG_WARN_OBJC_ROOT_CLASS = YES_ERROR;
				CLANG_WARN_QUOTED_INCLUDE_IN_FRAMEWORK_HEADER = YES;
				CLANG_WARN_RANGE_LOOP_ANALYSIS = YES;
				CLANG_WARN_STRICT_PROTOTYPES = YES;
				CLANG_WARN_SUSPICIOUS_MOVE = YES;
				CLANG_WARN_UNGUARDED_AVAILABILITY = YES_AGGRESSIVE;
				CLANG_WARN_UNREACHABLE_CODE = YES;
				CLANG_WARN__DUPLICATE_METHOD_MATCH = YES;
				COPY_PHASE_STRIP = NO;
				DEBUG_INFORMATION_FORMAT = dwarf;
				ENABLE_STRICT_OBJC_MSGSEND = YES;
				ENABLE_TESTABILITY = YES;
				GCC_C_LANGUAGE_STANDARD = gnu11;
				GCC_DYNAMIC_NO_PIC = NO;
				GCC_NO_COMMON_BLOCKS = YES;
				GCC_OPTIMIZATION_LEVEL = 0;
				GCC_PREPROCESSOR_DEFINITIONS = (
					"DEBUG=1",
					"$(inherited)",
				);
				GCC_WARN_64_TO_32_BIT_CONVERSION = YES;
				GCC_WARN_ABOUT_RETURN_TYPE = YES_ERROR;
				GCC_WARN_UNDECLARED_SELECTOR = YES;
				GCC_WARN_UNINITIALIZED_AUTOS = YES_AGGRESSIVE;
				GCC_WARN_UNUSED_FUNCTION = YES;
				GCC_WARN_UNUSED_VARIABLE = YES;
				IPHONEOS_DEPLOYMENT_TARGET = 14.5;
				MTL_ENABLE_DEBUG_INFO = INCLUDE_SOURCE;
				MTL_FAST_MATH = YES;
				ONLY_ACTIVE_ARCH = YES;
				SDKROOT = iphoneos;
				SWIFT_ACTIVE_COMPILATION_CONDITIONS = DEBUG;
				SWIFT_OPTIMIZATION_LEVEL = "-Onone";
			};
			name = Debug;
		};
		2E20A2EF26EF78DB00AF934E /* Release */ = {
			isa = XCBuildConfiguration;
			buildSettings = {
				ALWAYS_SEARCH_USER_PATHS = NO;
				CLANG_ANALYZER_NONNULL = YES;
				CLANG_ANALYZER_NUMBER_OBJECT_CONVERSION = YES_AGGRESSIVE;
				CLANG_CXX_LANGUAGE_STANDARD = "gnu++14";
				CLANG_CXX_LIBRARY = "libc++";
				CLANG_ENABLE_MODULES = YES;
				CLANG_ENABLE_OBJC_ARC = YES;
				CLANG_ENABLE_OBJC_WEAK = YES;
				CLANG_WARN_BLOCK_CAPTURE_AUTORELEASING = YES;
				CLANG_WARN_BOOL_CONVERSION = YES;
				CLANG_WARN_COMMA = YES;
				CLANG_WARN_CONSTANT_CONVERSION = YES;
				CLANG_WARN_DEPRECATED_OBJC_IMPLEMENTATIONS = YES;
				CLANG_WARN_DIRECT_OBJC_ISA_USAGE = YES_ERROR;
				CLANG_WARN_DOCUMENTATION_COMMENTS = YES;
				CLANG_WARN_EMPTY_BODY = YES;
				CLANG_WARN_ENUM_CONVERSION = YES;
				CLANG_WARN_INFINITE_RECURSION = YES;
				CLANG_WARN_INT_CONVERSION = YES;
				CLANG_WARN_NON_LITERAL_NULL_CONVERSION = YES;
				CLANG_WARN_OBJC_IMPLICIT_RETAIN_SELF = YES;
				CLANG_WARN_OBJC_LITERAL_CONVERSION = YES;
				CLANG_WARN_OBJC_ROOT_CLASS = YES_ERROR;
				CLANG_WARN_QUOTED_INCLUDE_IN_FRAMEWORK_HEADER = YES;
				CLANG_WARN_RANGE_LOOP_ANALYSIS = YES;
				CLANG_WARN_STRICT_PROTOTYPES = YES;
				CLANG_WARN_SUSPICIOUS_MOVE = YES;
				CLANG_WARN_UNGUARDED_AVAILABILITY = YES_AGGRESSIVE;
				CLANG_WARN_UNREACHABLE_CODE = YES;
				CLANG_WARN__DUPLICATE_METHOD_MATCH = YES;
				COPY_PHASE_STRIP = NO;
				DEBUG_INFORMATION_FORMAT = "dwarf-with-dsym";
				ENABLE_NS_ASSERTIONS = NO;
				ENABLE_STRICT_OBJC_MSGSEND = YES;
				GCC_C_LANGUAGE_STANDARD = gnu11;
				GCC_NO_COMMON_BLOCKS = YES;
				GCC_WARN_64_TO_32_BIT_CONVERSION = YES;
				GCC_WARN_ABOUT_RETURN_TYPE = YES_ERROR;
				GCC_WARN_UNDECLARED_SELECTOR = YES;
				GCC_WARN_UNINITIALIZED_AUTOS = YES_AGGRESSIVE;
				GCC_WARN_UNUSED_FUNCTION = YES;
				GCC_WARN_UNUSED_VARIABLE = YES;
				IPHONEOS_DEPLOYMENT_TARGET = 14.5;
				MTL_ENABLE_DEBUG_INFO = NO;
				MTL_FAST_MATH = YES;
				SDKROOT = iphoneos;
				SWIFT_COMPILATION_MODE = wholemodule;
				SWIFT_OPTIMIZATION_LEVEL = "-O";
				VALIDATE_PRODUCT = YES;
			};
			name = Release;
		};
		2E20A2F126EF78DB00AF934E /* Debug */ = {
			isa = XCBuildConfiguration;
			buildSettings = {
				ASSETCATALOG_COMPILER_APPICON_NAME = AppIcon;
				ASSETCATALOG_COMPILER_GLOBAL_ACCENT_COLOR_NAME = AccentColor;
				CODE_SIGN_STYLE = Automatic;
				DEVELOPMENT_TEAM = Q45W58MBTL;
				INFOPLIST_FILE = VideoGamesApp/Info.plist;
				LD_RUNPATH_SEARCH_PATHS = (
					"$(inherited)",
					"@executable_path/Frameworks",
				);
				PRODUCT_BUNDLE_IDENTIFIER = info.VideoGamesApp;
				PRODUCT_NAME = "$(TARGET_NAME)";
				SWIFT_VERSION = 5.0;
				TARGETED_DEVICE_FAMILY = "1,2";
			};
			name = Debug;
		};
		2E20A2F226EF78DB00AF934E /* Release */ = {
			isa = XCBuildConfiguration;
			buildSettings = {
				ASSETCATALOG_COMPILER_APPICON_NAME = AppIcon;
				ASSETCATALOG_COMPILER_GLOBAL_ACCENT_COLOR_NAME = AccentColor;
				CODE_SIGN_STYLE = Automatic;
				DEVELOPMENT_TEAM = Q45W58MBTL;
				INFOPLIST_FILE = VideoGamesApp/Info.plist;
				LD_RUNPATH_SEARCH_PATHS = (
					"$(inherited)",
					"@executable_path/Frameworks",
				);
				PRODUCT_BUNDLE_IDENTIFIER = info.VideoGamesApp;
				PRODUCT_NAME = "$(TARGET_NAME)";
				SWIFT_VERSION = 5.0;
				TARGETED_DEVICE_FAMILY = "1,2";
			};
			name = Release;
		};
		2E20A2F426EF78DB00AF934E /* Debug */ = {
			isa = XCBuildConfiguration;
			buildSettings = {
				ALWAYS_EMBED_SWIFT_STANDARD_LIBRARIES = YES;
				BUNDLE_LOADER = "$(TEST_HOST)";
				CODE_SIGN_STYLE = Automatic;
				DEVELOPMENT_TEAM = Q45W58MBTL;
				INFOPLIST_FILE = VideoGamesAppTests/Info.plist;
				IPHONEOS_DEPLOYMENT_TARGET = 14.5;
				LD_RUNPATH_SEARCH_PATHS = (
					"$(inherited)",
					"@executable_path/Frameworks",
					"@loader_path/Frameworks",
				);
				PRODUCT_BUNDLE_IDENTIFIER = info.VideoGamesAppTests;
				PRODUCT_NAME = "$(TARGET_NAME)";
				SWIFT_VERSION = 5.0;
				TARGETED_DEVICE_FAMILY = "1,2";
				TEST_HOST = "$(BUILT_PRODUCTS_DIR)/VideoGamesApp.app/VideoGamesApp";
			};
			name = Debug;
		};
		2E20A2F526EF78DB00AF934E /* Release */ = {
			isa = XCBuildConfiguration;
			buildSettings = {
				ALWAYS_EMBED_SWIFT_STANDARD_LIBRARIES = YES;
				BUNDLE_LOADER = "$(TEST_HOST)";
				CODE_SIGN_STYLE = Automatic;
				DEVELOPMENT_TEAM = Q45W58MBTL;
				INFOPLIST_FILE = VideoGamesAppTests/Info.plist;
				IPHONEOS_DEPLOYMENT_TARGET = 14.5;
				LD_RUNPATH_SEARCH_PATHS = (
					"$(inherited)",
					"@executable_path/Frameworks",
					"@loader_path/Frameworks",
				);
				PRODUCT_BUNDLE_IDENTIFIER = info.VideoGamesAppTests;
				PRODUCT_NAME = "$(TARGET_NAME)";
				SWIFT_VERSION = 5.0;
				TARGETED_DEVICE_FAMILY = "1,2";
				TEST_HOST = "$(BUILT_PRODUCTS_DIR)/VideoGamesApp.app/VideoGamesApp";
			};
			name = Release;
		};
		2E20A2F726EF78DB00AF934E /* Debug */ = {
			isa = XCBuildConfiguration;
			buildSettings = {
				ALWAYS_EMBED_SWIFT_STANDARD_LIBRARIES = YES;
				CODE_SIGN_STYLE = Automatic;
				DEVELOPMENT_TEAM = Q45W58MBTL;
				INFOPLIST_FILE = VideoGamesAppUITests/Info.plist;
				LD_RUNPATH_SEARCH_PATHS = (
					"$(inherited)",
					"@executable_path/Frameworks",
					"@loader_path/Frameworks",
				);
				PRODUCT_BUNDLE_IDENTIFIER = info.VideoGamesAppUITests;
				PRODUCT_NAME = "$(TARGET_NAME)";
				SWIFT_VERSION = 5.0;
				TARGETED_DEVICE_FAMILY = "1,2";
				TEST_TARGET_NAME = VideoGamesApp;
			};
			name = Debug;
		};
		2E20A2F826EF78DB00AF934E /* Release */ = {
			isa = XCBuildConfiguration;
			buildSettings = {
				ALWAYS_EMBED_SWIFT_STANDARD_LIBRARIES = YES;
				CODE_SIGN_STYLE = Automatic;
				DEVELOPMENT_TEAM = Q45W58MBTL;
				INFOPLIST_FILE = VideoGamesAppUITests/Info.plist;
				LD_RUNPATH_SEARCH_PATHS = (
					"$(inherited)",
					"@executable_path/Frameworks",
					"@loader_path/Frameworks",
				);
				PRODUCT_BUNDLE_IDENTIFIER = info.VideoGamesAppUITests;
				PRODUCT_NAME = "$(TARGET_NAME)";
				SWIFT_VERSION = 5.0;
				TARGETED_DEVICE_FAMILY = "1,2";
				TEST_TARGET_NAME = VideoGamesApp;
			};
			name = Release;
		};
/* End XCBuildConfiguration section */

/* Begin XCConfigurationList section */
		2E20A2C126EF78D700AF934E /* Build configuration list for PBXProject "VideoGamesApp" */ = {
			isa = XCConfigurationList;
			buildConfigurations = (
				2E20A2EE26EF78DB00AF934E /* Debug */,
				2E20A2EF26EF78DB00AF934E /* Release */,
			);
			defaultConfigurationIsVisible = 0;
			defaultConfigurationName = Release;
		};
		2E20A2F026EF78DB00AF934E /* Build configuration list for PBXNativeTarget "VideoGamesApp" */ = {
			isa = XCConfigurationList;
			buildConfigurations = (
				2E20A2F126EF78DB00AF934E /* Debug */,
				2E20A2F226EF78DB00AF934E /* Release */,
			);
			defaultConfigurationIsVisible = 0;
			defaultConfigurationName = Release;
		};
		2E20A2F326EF78DB00AF934E /* Build configuration list for PBXNativeTarget "VideoGamesAppTests" */ = {
			isa = XCConfigurationList;
			buildConfigurations = (
				2E20A2F426EF78DB00AF934E /* Debug */,
				2E20A2F526EF78DB00AF934E /* Release */,
			);
			defaultConfigurationIsVisible = 0;
			defaultConfigurationName = Release;
		};
		2E20A2F626EF78DB00AF934E /* Build configuration list for PBXNativeTarget "VideoGamesAppUITests" */ = {
			isa = XCConfigurationList;
			buildConfigurations = (
				2E20A2F726EF78DB00AF934E /* Debug */,
				2E20A2F826EF78DB00AF934E /* Release */,
			);
			defaultConfigurationIsVisible = 0;
			defaultConfigurationName = Release;
		};
/* End XCConfigurationList section */
	};
	rootObject = 2E20A2BE26EF78D700AF934E /* Project object */;
}
